
Microsoft Visual Studio Solution File, Format Version 11.00
# Visual Studio 2010
Project("{8BC9CEB8-8B4A-11D0-8D11-00A0C91BC942}") = "MsvcrtToMsvcr100", "MsvcrtToMsvcr100\MsvcrtToMsvcr100.vcxproj", "{F375E47E-0009-4D5F-A64C-641708875755}"
EndProject
Global
	GlobalSection(SolutionConfigurationPlatforms) = preSolution
		Debug|Win32 = Debug|Win32
		Release|Win32 = Release|Win32
	EndGlobalSection
	GlobalSection(ProjectConfigurationPlatforms) = postSolution
		{F375E47E-0009-4D5F-A64C-641708875755}.Debug|Win32.ActiveCfg = Debug|Win32
		{F375E47E-0009-4D5F-A64C-641708875755}.Debug|Win32.Build.0 = Debug|Win32
		{F375E47E-0009-4D5F-A64C-641708875755}.Release|Win32.ActiveCfg = Release|Win32
		{F375E47E-0009-4D5F-A64C-641708875755}.Release|Win32.Build.0 = Release|Win32
	EndGlobalSection
	GlobalSection(SolutionProperties) = preSolution
		HideSolutionNode = FALSE
	EndGlobalSection
EndGlobal
